
Microsoft Visual Studio Solution File, Format Version 12.00
# Visual Studio Version 16
VisualStudioVersion = 16.0.30104.148
MinimumVisualStudioVersion = 10.0.40219.1
Project("{FAE04EC0-301F-11D3-BF4B-00C04F79EFBC}") = "EcommerceStore", "EcommerceStore.csproj", "{7AB53FBE-B1FE-49F5-999C-BA9E7FCFCBD4}"
EndProject
Global
	GlobalSection(SolutionConfigurationPlatforms) = preSolution
		Debug|Any CPU = Debug|Any CPU
		Release|Any CPU = Release|Any CPU
	EndGlobalSection
	GlobalSection(ProjectConfigurationPlatforms) = postSolution
		{7AB53FBE-B1FE-49F5-999C-BA9E7FCFCBD4}.Debug|Any CPU.ActiveCfg = Debug|Any CPU
		{7AB53FBE-B1FE-49F5-999C-BA9E7FCFCBD4}.Debug|Any CPU.Build.0 = Debug|Any CPU
		{7AB53FBE-B1FE-49F5-999C-BA9E7FCFCBD4}.Release|Any CPU.ActiveCfg = Release|Any CPU
		{7AB53FBE-B1FE-49F5-999C-BA9E7FCFCBD4}.Release|Any CPU.Build.0 = Release|Any CPU
	EndGlobalSection
	GlobalSection(SolutionProperties) = preSolution
		HideSolutionNode = FALSE
	EndGlobalSection
	GlobalSection(ExtensibilityGlobals) = postSolution
		SolutionGuid = {19D12FF7-305B-4847-BAA0-ECCD5D662FD8}
	EndGlobalSection
EndGlobal
